
Microsoft Visual Studio Solution File, Format Version 12.00
# Visual Studio Version 17
VisualStudioVersion = 17.0.32014.148
MinimumVisualStudioVersion = 10.0.40219.1
Project("{9A19103F-16F7-4668-BE54-9A1E7A4F7556}") = "Wordle", "Wordle\Wordle.csproj", "{FEEE7339-72F6-4FF5-B022-6ABC31D8B5B6}"
EndProject
Project("{9A19103F-16F7-4668-BE54-9A1E7A4F7556}") = "Tests", "Tests\Tests.csproj", "{84081CC1-E29D-42E5-AEA2-478653E435D4}"
EndProject
Project("{FAE04EC0-301F-11D3-BF4B-00C04F79EFBC}") = "IntegrationTests", "IntegrationTests\IntegrationTests.csproj", "{0B180F0F-0A1A-43B7-8D14-95801AB9DAB1}"
EndProject
Global
	GlobalSection(SolutionConfigurationPlatforms) = preSolution
		Debug|Any CPU = Debug|Any CPU
		Release|Any CPU = Release|Any CPU
	EndGlobalSection
	GlobalSection(ProjectConfigurationPlatforms) = postSolution
		{FEEE7339-72F6-4FF5-B022-6ABC31D8B5B6}.Debug|Any CPU.ActiveCfg = Debug|Any CPU
		{FEEE7339-72F6-4FF5-B022-6ABC31D8B5B6}.Debug|Any CPU.Build.0 = Debug|Any CPU
		{FEEE7339-72F6-4FF5-B022-6ABC31D8B5B6}.Release|Any CPU.ActiveCfg = Release|Any CPU
		{FEEE7339-72F6-4FF5-B022-6ABC31D8B5B6}.Release|Any CPU.Build.0 = Release|Any CPU
		{84081CC1-E29D-42E5-AEA2-478653E435D4}.Debug|Any CPU.ActiveCfg = Debug|Any CPU
		{84081CC1-E29D-42E5-AEA2-478653E435D4}.Debug|Any CPU.Build.0 = Debug|Any CPU
		{84081CC1-E29D-42E5-AEA2-478653E435D4}.Release|Any CPU.ActiveCfg = Release|Any CPU
		{84081CC1-E29D-42E5-AEA2-478653E435D4}.Release|Any CPU.Build.0 = Release|Any CPU
		{0B180F0F-0A1A-43B7-8D14-95801AB9DAB1}.Debug|Any CPU.ActiveCfg = Debug|Any CPU
		{0B180F0F-0A1A-43B7-8D14-95801AB9DAB1}.Debug|Any CPU.Build.0 = Debug|Any CPU
		{0B180F0F-0A1A-43B7-8D14-95801AB9DAB1}.Release|Any CPU.ActiveCfg = Release|Any CPU
		{0B180F0F-0A1A-43B7-8D14-95801AB9DAB1}.Release|Any CPU.Build.0 = Release|Any CPU
	EndGlobalSection
	GlobalSection(SolutionProperties) = preSolution
		HideSolutionNode = FALSE
	EndGlobalSection
	GlobalSection(ExtensibilityGlobals) = postSolution
		SolutionGuid = {FF81EE37-4514-4AAE-8D58-1AF79A963D06}
	EndGlobalSection
EndGlobal
